
Microsoft Visual Studio Solution File, Format Version 12.00
# Visual Studio 15
VisualStudioVersion = 15.0.26730.15
MinimumVisualStudioVersion = 10.0.40219.1
Project("{FAE04EC0-301F-11D3-BF4B-00C04F79EFBC}") = "my_first", "my_first\my_first.csproj", "{427A1ABE-4BB1-4177-8159-0C3C8ECA8B60}"
EndProject
Global
	GlobalSection(SolutionConfigurationPlatforms) = preSolution
		Debug|Any CPU = Debug|Any CPU
		Release|Any CPU = Release|Any CPU
	EndGlobalSection
	GlobalSection(ProjectConfigurationPlatforms) = postSolution
		{427A1ABE-4BB1-4177-8159-0C3C8ECA8B60}.Debug|Any CPU.ActiveCfg = Debug|Any CPU
		{427A1ABE-4BB1-4177-8159-0C3C8ECA8B60}.Debug|Any CPU.Build.0 = Debug|Any CPU
		{427A1ABE-4BB1-4177-8159-0C3C8ECA8B60}.Release|Any CPU.ActiveCfg = Release|Any CPU
		{427A1ABE-4BB1-4177-8159-0C3C8ECA8B60}.Release|Any CPU.Build.0 = Release|Any CPU
	EndGlobalSection
	GlobalSection(SolutionProperties) = preSolution
		HideSolutionNode = FALSE
	EndGlobalSection
	GlobalSection(ExtensibilityGlobals) = postSolution
		SolutionGuid = {DE3011FD-7E34-421F-8BC1-3606E50E1026}
	EndGlobalSection
EndGlobal
